{
  "name": "@jr-cli/init",
  "version": "0.0.2",
  "lockfileVersion": 2,
  "requires": true,
  "packages": {
    "": {
      "name": "@jr-cli/init",
      "version": "0.0.2",
      "license": "ISC",
      "dependencies": {
        "@jr-cli/command": "../../models/command",
        "@jr-cli/log": "../../utils/log"
      }
    },
    "../../models/command": {
      "name": "@jr-cli/command",
      "version": "0.0.2",
      "license": "ISC",
      "dependencies": {
        "@jr-cli/log": "../../utils/log",
        "@jr-cli/utils": "../../utils/utils",
        "colors": "^1.4.0",
        "semver": "^7.5.1"
      }
    },
    "../../models/commonad": {
      "extraneous": true
    },
    "../../utils/log": {
      "version": "0.0.2",
      "license": "ISC",
      "dependencies": {
        "npmlog": "^7.0.1"
      }
    },
    "node_modules/@jr-cli/command": {
      "resolved": "../../models/command",
      "link": true
    },
    "node_modules/@jr-cli/log": {
      "resolved": "../../utils/log",
      "link": true
    }
  },
  "dependencies": {
    "@jr-cli/command": {
      "version": "file:../../models/command",
      "requires": {
        "@jr-cli/log": "../../utils/log",
        "@jr-cli/utils": "../../utils/utils",
        "colors": "^1.4.0",
        "semver": "^7.5.1"
      }
    },
    "@jr-cli/log": {
      "version": "file:../../utils/log",
      "requires": {
        "npmlog": "^7.0.1"
      }
    }
  }
}
