{
  "name": "@jr-cli/exec",
  "version": "0.0.2",
  "lockfileVersion": 2,
  "requires": true,
  "packages": {
    "": {
      "name": "@jr-cli/exec",
      "version": "0.0.2",
      "license": "ISC",
      "dependencies": {
        "@jr-cli/log": "../../utils/log",
        "@jr-cli/package": "../../models/package"
      }
    },
    "../../models/package": {
      "name": "@jr-cli/package",
      "version": "0.0.2",
      "license": "ISC"
    },
    "../../utils/log": {
      "version": "0.0.2",
      "license": "ISC",
      "dependencies": {
        "npmlog": "^7.0.1"
      }
    },
    "node_modules/@jr-cli/log": {
      "resolved": "../../utils/log",
      "link": true
    },
    "node_modules/@jr-cli/package": {
      "resolved": "../../models/package",
      "link": true
    }
  },
  "dependencies": {
    "@jr-cli/log": {
      "version": "file:../../utils/log",
      "requires": {
        "npmlog": "^7.0.1"
      }
    },
    "@jr-cli/package": {
      "version": "file:../../models/package"
    }
  }
}
