{
  "name": "@jr-cli/exec",
  "version": "0.0.2",
  "lockfileVersion": 2,
  "requires": true,
  "packages": {
    "": {
      "name": "@jr-cli/exec",
      "version": "0.0.2",
      "license": "ISC",
      "dependencies": {
        "@jr-cli/package": "../../models/package"
      }
    },
    "../../models/package": {
      "version": "0.0.2",
      "license": "ISC"
    },
    "node_modules/@jr-cli/package": {
      "resolved": "../../models/package",
      "link": true
    }
  },
  "dependencies": {
    "@jr-cli/package": {
      "version": "file:../../models/package"
    }
  }
}
